<Solution>
  <Project Path="Atelier.Build/Atelier.Build.csproj" />
  <Project Path="Atelier.Facilities.Cache/Atelier.Facilities.Cache.csproj" />
  <Project Path="Atelier.Facilities.Cache.Redis/Atelier.Facilities.Cache.Redis.csproj" />
  <Project Path="Atelier.Facilities.Database/Atelier.Facilities.Database.csproj" />
  <Project Path="Atelier.Facilities.Cache.InMemory/Atelier.Facilities.Cache.InMemory.csproj" />
  <Project Path="Atelier.Framework.Attributes/Atelier.Framework.Attributes.csproj" />
  <Project Path="Atelier.Framework.Primitives/Atelier.Framework.Primitives.csproj" />
  <Project Path="Atelier.Framework.Identity.Authorization/Atelier.Framework.Identity.Authorization.csproj" />
  <Project Path="Atelier.Framework.Analyzers/Atelier.Framework.Analyzers.csproj" />
  <Project Path="Atelier.Framework.Api/Atelier.Framework.Api.csproj" />
  <Project Path="Atelier.Framework.Analyzers.CodeFixes/Atelier.Framework.Analyzers.CodeFixes.csproj" />
  <Project Path="Atelier.Framework.Analyzers.Tests/Atelier.Framework.Analyzers.Tests.csproj" />
  <Project Path="Atelier.Framework.Attache/Atelier.Framework.Attache.csproj" />
  <Project Path="Atelier.Framework.Context/Atelier.Framework.Context.csproj" />
  <Project Path="Atelier.Framework.Contract/Atelier.Framework.Contract.csproj" />
  <Project Path="Atelier.Framework.EventStream/Atelier.Framework.EventStream.csproj" />
  <Project Path="Atelier.Framework.Facility/Atelier.Framework.Facility.csproj" />
  <Project Path="Atelier.Framework.Host.Execution/Atelier.Framework.Host.Execution.csproj" />
  <Project Path="Atelier.Framework.Identity/Atelier.Framework.Identity.csproj" />
  <Project Path="Atelier.Framework.Identity.Tests/Atelier.Framework.Identity.Tests.csproj" />
  <Project Path="Atelier.Framework.Infrastructure.Generators/Atelier.Framework.Infrastructure.Generators.csproj" />
  <Project Path="Atelier.Framework.Infrastructure.Generators.Tests/Atelier.Framework.Infrastructure.Generators.Tests.csproj" />
  <Project Path="Atelier.Framework.Infrastructure/Atelier.Framework.Infrastructure.csproj" />
  <Project Path="Atelier.Framework.Messaging/Atelier.Framework.Messaging.csproj" />
  <Project Path="Atelier.Framework.Network.Generators/Atelier.Framework.Network.Generators.csproj" />
  <Project Path="Atelier.Framework.Network/Atelier.Framework.Network.csproj" />
  <Project Path="Atelier.Framework.Observability/Atelier.Framework.Observability.csproj" />
  <Project Path="Atelier.Framework.Offering.Generators/Atelier.Framework.Offering.Generators.csproj" />
  <Project Path="Atelier.Framework.Offering/Atelier.Framework.Offering.csproj" />
  <Project Path="Atelier.Framework.Outcomes/Atelier.Framework.Outcomes.csproj" />
  <Project Path="Atelier.Framework.Outcomes.Tests/Atelier.Framework.Outcomes.Tests.csproj" />
  <Project Path="Atelier.Framework.Performance/Atelier.Framework.Performance.csproj" />
  <Project Path="Atelier.Framework.Properties/Atelier.Framework.Properties.csproj" />
  <Project Path="Atelier.Framework.Queueing/Atelier.Framework.Queueing.csproj" />
  <Project Path="Atelier.Framework.Requisitions.Generators/Atelier.Framework.Requisitions.Generators.csproj" />
  <Project Path="Atelier.Framework.Requisitions/Atelier.Framework.Requisitions.csproj" />
  <Project Path="Atelier.Framework.Resilience/Atelier.Framework.Resilience.csproj" />
  <Project Path="Atelier.Framework.StateMachine/Atelier.Framework.StateMachine.csproj" />
  <Project Path="Atelier.Framework.Strategy/Atelier.Framework.Strategy.csproj" />
  <Project Path="Atelier.Framework.Test.Generators/Atelier.Framework.Test.Generators.csproj" />
  <Project Path="Atelier.Framework.Test.Generators.Tests/Atelier.Framework.Test.Generators.Tests.csproj" />
  <Project Path="Atelier.Framework.Testing/Atelier.Framework.Testing.csproj" />
  <Project Path="Atelier.Framework.Testing.Contract/Atelier.Framework.Testing.Contract.csproj" />
  <Project Path="Atelier.Framework.Testing.Tests/Atelier.Framework.Testing.Tests.csproj" />
  <Project Path="benchmarks/cache-bench/Atelier.Bench.Cache/Atelier.Bench.Cache.csproj" />
  <Project Path="benchmarks/context-bench/Atelier.Bench.Context/Atelier.Bench.Context.csproj" />
  <Project Path="benchmarks/eventstream-bench/Atelier.Bench.EventStream/Atelier.Bench.EventStream.csproj" />
  <Project Path="benchmarks/messaging-bench/Atelier.Bench.Messaging/Atelier.Bench.Messaging.csproj" />
  <Project Path="benchmarks/network-bench/Atelier.Bench.Network/Atelier.Bench.Network.csproj" />
  <Project Path="benchmarks/outcomes-bench/Atelier.Bench.Outcomes/Atelier.Bench.Outcomes.csproj" />
  <Project Path="benchmarks/performance-bench/Atelier.Bench.Performance/Atelier.Bench.Performance.csproj" />
  <Project Path="benchmarks/queueing-bench/Atelier.Bench.Queueing/Atelier.Bench.Queueing.csproj" />
  <Project Path="benchmarks/requisitions-bench/Atelier.Bench.Requisitions/Atelier.Bench.Requisitions.csproj" />
  <Project Path="benchmarks/statemachine-bench/Atelier.Bench.StateMachine/Atelier.Bench.StateMachine.csproj" />
  <Project Path="examples/example-bench/Atelier.Example.Bench/Atelier.Example.Bench.csproj" />
  <Project Path="examples/example-showcase/Atelier.Example.Showcase/Atelier.Example.Showcase.csproj" />
</Solution>
